
Microsoft Visual Studio Solution File, Format Version 12.00
# Visual Studio 15
VisualStudioVersion = 15.0.28010.2026
MinimumVisualStudioVersion = 10.0.40219.1
Project("{00D1A9C2-B5F0-4AF3-8072-F6C62B433612}") = "SwinSoftwareLab_DB", "SwinSoftwareLab_DB\SwinSoftwareLab_DB.sqlproj", "{FA50D8DE-3583-4081-8350-DF7FD371C823}"
EndProject
Global
	GlobalSection(SolutionConfigurationPlatforms) = preSolution
		Debug|Any CPU = Debug|Any CPU
		Release|Any CPU = Release|Any CPU
	EndGlobalSection
	GlobalSection(ProjectConfigurationPlatforms) = postSolution
		{FA50D8DE-3583-4081-8350-DF7FD371C823}.Debug|Any CPU.ActiveCfg = Debug|Any CPU
		{FA50D8DE-3583-4081-8350-DF7FD371C823}.Debug|Any CPU.Build.0 = Debug|Any CPU
		{FA50D8DE-3583-4081-8350-DF7FD371C823}.Debug|Any CPU.Deploy.0 = Debug|Any CPU
		{FA50D8DE-3583-4081-8350-DF7FD371C823}.Release|Any CPU.ActiveCfg = Release|Any CPU
		{FA50D8DE-3583-4081-8350-DF7FD371C823}.Release|Any CPU.Build.0 = Release|Any CPU
		{FA50D8DE-3583-4081-8350-DF7FD371C823}.Release|Any CPU.Deploy.0 = Release|Any CPU
	EndGlobalSection
	GlobalSection(SolutionProperties) = preSolution
		HideSolutionNode = FALSE
	EndGlobalSection
	GlobalSection(ExtensibilityGlobals) = postSolution
		SolutionGuid = {5F26371C-3BDA-4E09-9FDD-D4D6768598B9}
	EndGlobalSection
EndGlobal
